
Microsoft Visual Studio Solution File, Format Version 12.00
# Visual Studio Version 17
VisualStudioVersion = 17.3.32825.248
MinimumVisualStudioVersion = 10.0.40219.1
Project("{9A19103F-16F7-4668-BE54-9A1E7A4F7556}") = "ProvaMentoria", "ProvaMentoria.csproj", "{9EBA5632-A5D0-4F36-8370-25A066F60260}"
EndProject
Project("{FAE04EC0-301F-11D3-BF4B-00C04F79EFBC}") = "UsuarioTest", "..\UsuarioTest\UsuarioTest.csproj", "{87D0BD49-E1D3-4921-977E-D54C70BDD6C2}"
EndProject
Global
	GlobalSection(SolutionConfigurationPlatforms) = preSolution
		Debug|Any CPU = Debug|Any CPU
		Release|Any CPU = Release|Any CPU
	EndGlobalSection
	GlobalSection(ProjectConfigurationPlatforms) = postSolution
		{9EBA5632-A5D0-4F36-8370-25A066F60260}.Debug|Any CPU.ActiveCfg = Debug|Any CPU
		{9EBA5632-A5D0-4F36-8370-25A066F60260}.Debug|Any CPU.Build.0 = Debug|Any CPU
		{9EBA5632-A5D0-4F36-8370-25A066F60260}.Release|Any CPU.ActiveCfg = Release|Any CPU
		{9EBA5632-A5D0-4F36-8370-25A066F60260}.Release|Any CPU.Build.0 = Release|Any CPU
		{87D0BD49-E1D3-4921-977E-D54C70BDD6C2}.Debug|Any CPU.ActiveCfg = Debug|Any CPU
		{87D0BD49-E1D3-4921-977E-D54C70BDD6C2}.Debug|Any CPU.Build.0 = Debug|Any CPU
		{87D0BD49-E1D3-4921-977E-D54C70BDD6C2}.Release|Any CPU.ActiveCfg = Release|Any CPU
		{87D0BD49-E1D3-4921-977E-D54C70BDD6C2}.Release|Any CPU.Build.0 = Release|Any CPU
	EndGlobalSection
	GlobalSection(SolutionProperties) = preSolution
		HideSolutionNode = FALSE
	EndGlobalSection
	GlobalSection(ExtensibilityGlobals) = postSolution
		SolutionGuid = {BDB9BFC0-30EA-44D7-A456-5DE1AD6E69DB}
	EndGlobalSection
EndGlobal
